
Microsoft Visual Studio Solution File, Format Version 12.00
# Visual Studio 2013
VisualStudioVersion = 12.0.30501.0
MinimumVisualStudioVersion = 10.0.40219.1
Project("{FAE04EC0-301F-11D3-BF4B-00C04F79EFBC}") = "LeapList", "LeapList\LeapList.csproj", "{4D85B107-FB43-4750-AD0E-70E88DB4109B}"
EndProject
Project("{2150E333-8FDC-42A3-9474-1A3956D46DE8}") = ".nuget", ".nuget", "{E1C99792-2048-42A5-BA73-10E32A729992}"
	ProjectSection(SolutionItems) = preProject
		.nuget\NuGet.Config = .nuget\NuGet.Config
		.nuget\NuGet.exe = .nuget\NuGet.exe
		.nuget\NuGet.targets = .nuget\NuGet.targets
	EndProjectSection
EndProject
Project("{FAE04EC0-301F-11D3-BF4B-00C04F79EFBC}") = "CLWatcherApp", "CLWatcherApp\CLWatcherApp.csproj", "{FCCCD4BA-1E5A-4F52-81E0-372C5BD7E7FC}"
EndProject
Project("{FAE04EC0-301F-11D3-BF4B-00C04F79EFBC}") = "LeapList.Models", "LeapList.Models\LeapList.Models.csproj", "{5AECD3F1-487B-4DA4-9C79-9A1A16B708E0}"
EndProject
Project("{FAE04EC0-301F-11D3-BF4B-00C04F79EFBC}") = "LeapList.DataAccess", "LeapList.DataAccess\LeapList.DataAccess.csproj", "{AD3836B4-9579-4A09-B215-530450D9B116}"
EndProject
Project("{FAE04EC0-301F-11D3-BF4B-00C04F79EFBC}") = "LeapList.Security", "LeapList.Security\LeapList.Security.csproj", "{C62AF7BE-1560-4B5A-9643-42A53E8F6CBE}"
EndProject
Global
	GlobalSection(SolutionConfigurationPlatforms) = preSolution
		Debug|Any CPU = Debug|Any CPU
		Release|Any CPU = Release|Any CPU
	EndGlobalSection
	GlobalSection(ProjectConfigurationPlatforms) = postSolution
		{4D85B107-FB43-4750-AD0E-70E88DB4109B}.Debug|Any CPU.ActiveCfg = Debug|Any CPU
		{4D85B107-FB43-4750-AD0E-70E88DB4109B}.Debug|Any CPU.Build.0 = Debug|Any CPU
		{4D85B107-FB43-4750-AD0E-70E88DB4109B}.Release|Any CPU.ActiveCfg = Release|Any CPU
		{4D85B107-FB43-4750-AD0E-70E88DB4109B}.Release|Any CPU.Build.0 = Release|Any CPU
		{FCCCD4BA-1E5A-4F52-81E0-372C5BD7E7FC}.Debug|Any CPU.ActiveCfg = Debug|Any CPU
		{FCCCD4BA-1E5A-4F52-81E0-372C5BD7E7FC}.Debug|Any CPU.Build.0 = Debug|Any CPU
		{FCCCD4BA-1E5A-4F52-81E0-372C5BD7E7FC}.Release|Any CPU.ActiveCfg = Release|Any CPU
		{FCCCD4BA-1E5A-4F52-81E0-372C5BD7E7FC}.Release|Any CPU.Build.0 = Release|Any CPU
		{5AECD3F1-487B-4DA4-9C79-9A1A16B708E0}.Debug|Any CPU.ActiveCfg = Debug|Any CPU
		{5AECD3F1-487B-4DA4-9C79-9A1A16B708E0}.Debug|Any CPU.Build.0 = Debug|Any CPU
		{5AECD3F1-487B-4DA4-9C79-9A1A16B708E0}.Release|Any CPU.ActiveCfg = Release|Any CPU
		{5AECD3F1-487B-4DA4-9C79-9A1A16B708E0}.Release|Any CPU.Build.0 = Release|Any CPU
		{AD3836B4-9579-4A09-B215-530450D9B116}.Debug|Any CPU.ActiveCfg = Debug|Any CPU
		{AD3836B4-9579-4A09-B215-530450D9B116}.Debug|Any CPU.Build.0 = Debug|Any CPU
		{AD3836B4-9579-4A09-B215-530450D9B116}.Release|Any CPU.ActiveCfg = Release|Any CPU
		{AD3836B4-9579-4A09-B215-530450D9B116}.Release|Any CPU.Build.0 = Release|Any CPU
		{C62AF7BE-1560-4B5A-9643-42A53E8F6CBE}.Debug|Any CPU.ActiveCfg = Debug|Any CPU
		{C62AF7BE-1560-4B5A-9643-42A53E8F6CBE}.Debug|Any CPU.Build.0 = Debug|Any CPU
		{C62AF7BE-1560-4B5A-9643-42A53E8F6CBE}.Release|Any CPU.ActiveCfg = Release|Any CPU
		{C62AF7BE-1560-4B5A-9643-42A53E8F6CBE}.Release|Any CPU.Build.0 = Release|Any CPU
	EndGlobalSection
	GlobalSection(SolutionProperties) = preSolution
		HideSolutionNode = FALSE
	EndGlobalSection
EndGlobal
